
Microsoft Visual Studio Solution File, Format Version 12.00
# Visual Studio Version 17
VisualStudioVersion = 17.7.34024.191
MinimumVisualStudioVersion = 10.0.40219.1
Project("{2150E333-8FDC-42A3-9474-1A3956D46DE8}") = "ApplicationLayer", "ApplicationLayer", "{3E34D846-9EC4-4EFD-AD1F-9A69A22DB41F}"
EndProject
Project("{9A19103F-16F7-4668-BE54-9A1E7A4F7556}") = "ApplicationLayer", "ApplicationLayer\ApplicationLayer.csproj", "{CAE5D5E7-115D-44F8-8AB6-714641C49A51}"
EndProject
Project("{2150E333-8FDC-42A3-9474-1A3956D46DE8}") = "DomainLayer", "DomainLayer", "{6E39ADD5-61ED-408B-9E6E-46F7FB235272}"
EndProject
Project("{2150E333-8FDC-42A3-9474-1A3956D46DE8}") = "InfrastructureLayer", "InfrastructureLayer", "{9E043F37-A46B-4B72-83B1-6E567A770B51}"
EndProject
Project("{2150E333-8FDC-42A3-9474-1A3956D46DE8}") = "ServiceLayer", "ServiceLayer", "{420A64F6-BDE1-4EC0-B9E8-E6E965737BEA}"
EndProject
Project("{2150E333-8FDC-42A3-9474-1A3956D46DE8}") = "TestLayer", "TestLayer", "{9878224F-2E3F-4C63-A52A-4350441F55A3}"
EndProject
Project("{FAE04EC0-301F-11D3-BF4B-00C04F79EFBC}") = "DomainLayer", "DomainLayer\DomainLayer.csproj", "{C62BB2F6-EFF6-42EA-BF48-EA7514AE7FFC}"
EndProject
Project("{FAE04EC0-301F-11D3-BF4B-00C04F79EFBC}") = "ServiceLayer", "ServiceLayer\ServiceLayer.csproj", "{BD702940-428C-4B86-857D-D7AAB530B873}"
EndProject
Project("{FAE04EC0-301F-11D3-BF4B-00C04F79EFBC}") = "InfrastructureLayer", "InfrastructureLayer\InfrastructureLayer.csproj", "{91AC8091-6288-457B-9DA8-63269712611D}"
EndProject
Global
	GlobalSection(SolutionConfigurationPlatforms) = preSolution
		Debug|Any CPU = Debug|Any CPU
		Release|Any CPU = Release|Any CPU
	EndGlobalSection
	GlobalSection(ProjectConfigurationPlatforms) = postSolution
		{CAE5D5E7-115D-44F8-8AB6-714641C49A51}.Debug|Any CPU.ActiveCfg = Debug|Any CPU
		{CAE5D5E7-115D-44F8-8AB6-714641C49A51}.Debug|Any CPU.Build.0 = Debug|Any CPU
		{CAE5D5E7-115D-44F8-8AB6-714641C49A51}.Release|Any CPU.ActiveCfg = Release|Any CPU
		{CAE5D5E7-115D-44F8-8AB6-714641C49A51}.Release|Any CPU.Build.0 = Release|Any CPU
		{C62BB2F6-EFF6-42EA-BF48-EA7514AE7FFC}.Debug|Any CPU.ActiveCfg = Debug|Any CPU
		{C62BB2F6-EFF6-42EA-BF48-EA7514AE7FFC}.Debug|Any CPU.Build.0 = Debug|Any CPU
		{C62BB2F6-EFF6-42EA-BF48-EA7514AE7FFC}.Release|Any CPU.ActiveCfg = Release|Any CPU
		{C62BB2F6-EFF6-42EA-BF48-EA7514AE7FFC}.Release|Any CPU.Build.0 = Release|Any CPU
		{BD702940-428C-4B86-857D-D7AAB530B873}.Debug|Any CPU.ActiveCfg = Debug|Any CPU
		{BD702940-428C-4B86-857D-D7AAB530B873}.Debug|Any CPU.Build.0 = Debug|Any CPU
		{BD702940-428C-4B86-857D-D7AAB530B873}.Release|Any CPU.ActiveCfg = Release|Any CPU
		{BD702940-428C-4B86-857D-D7AAB530B873}.Release|Any CPU.Build.0 = Release|Any CPU
		{91AC8091-6288-457B-9DA8-63269712611D}.Debug|Any CPU.ActiveCfg = Debug|Any CPU
		{91AC8091-6288-457B-9DA8-63269712611D}.Debug|Any CPU.Build.0 = Debug|Any CPU
		{91AC8091-6288-457B-9DA8-63269712611D}.Release|Any CPU.ActiveCfg = Release|Any CPU
		{91AC8091-6288-457B-9DA8-63269712611D}.Release|Any CPU.Build.0 = Release|Any CPU
	EndGlobalSection
	GlobalSection(SolutionProperties) = preSolution
		HideSolutionNode = FALSE
	EndGlobalSection
	GlobalSection(NestedProjects) = preSolution
		{CAE5D5E7-115D-44F8-8AB6-714641C49A51} = {3E34D846-9EC4-4EFD-AD1F-9A69A22DB41F}
		{C62BB2F6-EFF6-42EA-BF48-EA7514AE7FFC} = {6E39ADD5-61ED-408B-9E6E-46F7FB235272}
		{BD702940-428C-4B86-857D-D7AAB530B873} = {420A64F6-BDE1-4EC0-B9E8-E6E965737BEA}
		{91AC8091-6288-457B-9DA8-63269712611D} = {9E043F37-A46B-4B72-83B1-6E567A770B51}
	EndGlobalSection
	GlobalSection(ExtensibilityGlobals) = postSolution
		SolutionGuid = {23DDE47F-E703-4451-BDB4-7493257B8016}
	EndGlobalSection
EndGlobal
